
Microsoft Visual Studio Solution File, Format Version 12.00
# Visual Studio Version 16
VisualStudioVersion = 16.0.30907.101
MinimumVisualStudioVersion = 10.0.40219.1
Project("{FAE04EC0-301F-11D3-BF4B-00C04F79EFBC}") = "DataAccess", "DataAccess\DataAccess.csproj", "{17D36DCE-D36C-436F-87BB-73C1BE2F1C79}"
EndProject
Project("{FAE04EC0-301F-11D3-BF4B-00C04F79EFBC}") = "Business", "Business\Business.csproj", "{2ED333F8-68B5-4F73-B81D-08F4D72CAA61}"
EndProject
Project("{FAE04EC0-301F-11D3-BF4B-00C04F79EFBC}") = "Entities", "Entities\Entities.csproj", "{55601DD4-6138-42E5-A9F0-121DC22E135D}"
EndProject
Project("{FAE04EC0-301F-11D3-BF4B-00C04F79EFBC}") = "ConsoleUI", "ConsoleUI\ConsoleUI.csproj", "{718F31B5-3720-4E56-B19E-BB97E93975EF}"
EndProject
Global
	GlobalSection(SolutionConfigurationPlatforms) = preSolution
		Debug|Any CPU = Debug|Any CPU
		Release|Any CPU = Release|Any CPU
	EndGlobalSection
	GlobalSection(ProjectConfigurationPlatforms) = postSolution
		{17D36DCE-D36C-436F-87BB-73C1BE2F1C79}.Debug|Any CPU.ActiveCfg = Debug|Any CPU
		{17D36DCE-D36C-436F-87BB-73C1BE2F1C79}.Debug|Any CPU.Build.0 = Debug|Any CPU
		{17D36DCE-D36C-436F-87BB-73C1BE2F1C79}.Release|Any CPU.ActiveCfg = Release|Any CPU
		{17D36DCE-D36C-436F-87BB-73C1BE2F1C79}.Release|Any CPU.Build.0 = Release|Any CPU
		{2ED333F8-68B5-4F73-B81D-08F4D72CAA61}.Debug|Any CPU.ActiveCfg = Debug|Any CPU
		{2ED333F8-68B5-4F73-B81D-08F4D72CAA61}.Debug|Any CPU.Build.0 = Debug|Any CPU
		{2ED333F8-68B5-4F73-B81D-08F4D72CAA61}.Release|Any CPU.ActiveCfg = Release|Any CPU
		{2ED333F8-68B5-4F73-B81D-08F4D72CAA61}.Release|Any CPU.Build.0 = Release|Any CPU
		{55601DD4-6138-42E5-A9F0-121DC22E135D}.Debug|Any CPU.ActiveCfg = Debug|Any CPU
		{55601DD4-6138-42E5-A9F0-121DC22E135D}.Debug|Any CPU.Build.0 = Debug|Any CPU
		{55601DD4-6138-42E5-A9F0-121DC22E135D}.Release|Any CPU.ActiveCfg = Release|Any CPU
		{55601DD4-6138-42E5-A9F0-121DC22E135D}.Release|Any CPU.Build.0 = Release|Any CPU
		{718F31B5-3720-4E56-B19E-BB97E93975EF}.Debug|Any CPU.ActiveCfg = Debug|Any CPU
		{718F31B5-3720-4E56-B19E-BB97E93975EF}.Debug|Any CPU.Build.0 = Debug|Any CPU
		{718F31B5-3720-4E56-B19E-BB97E93975EF}.Release|Any CPU.ActiveCfg = Release|Any CPU
		{718F31B5-3720-4E56-B19E-BB97E93975EF}.Release|Any CPU.Build.0 = Release|Any CPU
	EndGlobalSection
	GlobalSection(SolutionProperties) = preSolution
		HideSolutionNode = FALSE
	EndGlobalSection
	GlobalSection(ExtensibilityGlobals) = postSolution
		SolutionGuid = {6FF923A2-098A-4538-8B93-507382166ECA}
	EndGlobalSection
EndGlobal
